
Microsoft Visual Studio Solution File, Format Version 12.00
# Visual Studio 15
VisualStudioVersion = 15.0.27703.2042
MinimumVisualStudioVersion = 10.0.40219.1
Project("{8BC9CEB8-8B4A-11D0-8D11-00A0C91BC942}") = "test", "test\test.vcxproj", "{01DD744A-C315-4EE7-9061-85E67CA51E77}"
EndProject
Project("{8BC9CEB8-8B4A-11D0-8D11-00A0C91BC942}") = "MyTools", "MyTools\MyTools.vcxproj", "{3234CAD4-96D3-4085-8A33-FEA909070B73}"
EndProject
Project("{8BC9CEB8-8B4A-11D0-8D11-00A0C91BC942}") = "EventLoop", "EventLoop\EventLoop.vcxproj", "{DF3DDDBE-E5E2-4C69-A709-9278D7EB2C33}"
EndProject
Project("{8BC9CEB8-8B4A-11D0-8D11-00A0C91BC942}") = "Parser", "Parser\Parser.vcxproj", "{C1E54B11-5625-4A4A-85EB-EA1EC394A7E3}"
EndProject
Project("{8BC9CEB8-8B4A-11D0-8D11-00A0C91BC942}") = "ClassCreator", "ClassCreator\ClassCreator.vcxproj", "{8BA21889-E1DB-4A41-92A8-B095F3A7D660}"
EndProject
Global
	GlobalSection(SolutionConfigurationPlatforms) = preSolution
		Debug|x64 = Debug|x64
		Debug|x86 = Debug|x86
		Release|x64 = Release|x64
		Release|x86 = Release|x86
	EndGlobalSection
	GlobalSection(ProjectConfigurationPlatforms) = postSolution
		{01DD744A-C315-4EE7-9061-85E67CA51E77}.Debug|x64.ActiveCfg = Debug|x64
		{01DD744A-C315-4EE7-9061-85E67CA51E77}.Debug|x64.Build.0 = Debug|x64
		{01DD744A-C315-4EE7-9061-85E67CA51E77}.Debug|x86.ActiveCfg = Debug|Win32
		{01DD744A-C315-4EE7-9061-85E67CA51E77}.Debug|x86.Build.0 = Debug|Win32
		{01DD744A-C315-4EE7-9061-85E67CA51E77}.Release|x64.ActiveCfg = Release|x64
		{01DD744A-C315-4EE7-9061-85E67CA51E77}.Release|x64.Build.0 = Release|x64
		{01DD744A-C315-4EE7-9061-85E67CA51E77}.Release|x86.ActiveCfg = Release|Win32
		{01DD744A-C315-4EE7-9061-85E67CA51E77}.Release|x86.Build.0 = Release|Win32
		{3234CAD4-96D3-4085-8A33-FEA909070B73}.Debug|x64.ActiveCfg = Debug|x64
		{3234CAD4-96D3-4085-8A33-FEA909070B73}.Debug|x64.Build.0 = Debug|x64
		{3234CAD4-96D3-4085-8A33-FEA909070B73}.Debug|x86.ActiveCfg = Debug|Win32
		{3234CAD4-96D3-4085-8A33-FEA909070B73}.Debug|x86.Build.0 = Debug|Win32
		{3234CAD4-96D3-4085-8A33-FEA909070B73}.Release|x64.ActiveCfg = Release|x64
		{3234CAD4-96D3-4085-8A33-FEA909070B73}.Release|x64.Build.0 = Release|x64
		{3234CAD4-96D3-4085-8A33-FEA909070B73}.Release|x86.ActiveCfg = Release|Win32
		{3234CAD4-96D3-4085-8A33-FEA909070B73}.Release|x86.Build.0 = Release|Win32
		{DF3DDDBE-E5E2-4C69-A709-9278D7EB2C33}.Debug|x64.ActiveCfg = Debug|x64
		{DF3DDDBE-E5E2-4C69-A709-9278D7EB2C33}.Debug|x64.Build.0 = Debug|x64
		{DF3DDDBE-E5E2-4C69-A709-9278D7EB2C33}.Debug|x86.ActiveCfg = Debug|Win32
		{DF3DDDBE-E5E2-4C69-A709-9278D7EB2C33}.Debug|x86.Build.0 = Debug|Win32
		{DF3DDDBE-E5E2-4C69-A709-9278D7EB2C33}.Release|x64.ActiveCfg = Release|x64
		{DF3DDDBE-E5E2-4C69-A709-9278D7EB2C33}.Release|x64.Build.0 = Release|x64
		{DF3DDDBE-E5E2-4C69-A709-9278D7EB2C33}.Release|x86.ActiveCfg = Release|Win32
		{DF3DDDBE-E5E2-4C69-A709-9278D7EB2C33}.Release|x86.Build.0 = Release|Win32
		{C1E54B11-5625-4A4A-85EB-EA1EC394A7E3}.Debug|x64.ActiveCfg = Debug|x64
		{C1E54B11-5625-4A4A-85EB-EA1EC394A7E3}.Debug|x64.Build.0 = Debug|x64
		{C1E54B11-5625-4A4A-85EB-EA1EC394A7E3}.Debug|x86.ActiveCfg = Debug|Win32
		{C1E54B11-5625-4A4A-85EB-EA1EC394A7E3}.Debug|x86.Build.0 = Debug|Win32
		{C1E54B11-5625-4A4A-85EB-EA1EC394A7E3}.Release|x64.ActiveCfg = Release|x64
		{C1E54B11-5625-4A4A-85EB-EA1EC394A7E3}.Release|x64.Build.0 = Release|x64
		{C1E54B11-5625-4A4A-85EB-EA1EC394A7E3}.Release|x86.ActiveCfg = Release|Win32
		{C1E54B11-5625-4A4A-85EB-EA1EC394A7E3}.Release|x86.Build.0 = Release|Win32
		{8BA21889-E1DB-4A41-92A8-B095F3A7D660}.Debug|x64.ActiveCfg = Debug|x64
		{8BA21889-E1DB-4A41-92A8-B095F3A7D660}.Debug|x64.Build.0 = Debug|x64
		{8BA21889-E1DB-4A41-92A8-B095F3A7D660}.Debug|x86.ActiveCfg = Debug|Win32
		{8BA21889-E1DB-4A41-92A8-B095F3A7D660}.Debug|x86.Build.0 = Debug|Win32
		{8BA21889-E1DB-4A41-92A8-B095F3A7D660}.Release|x64.ActiveCfg = Release|x64
		{8BA21889-E1DB-4A41-92A8-B095F3A7D660}.Release|x64.Build.0 = Release|x64
		{8BA21889-E1DB-4A41-92A8-B095F3A7D660}.Release|x86.ActiveCfg = Release|Win32
		{8BA21889-E1DB-4A41-92A8-B095F3A7D660}.Release|x86.Build.0 = Release|Win32
	EndGlobalSection
	GlobalSection(SolutionProperties) = preSolution
		HideSolutionNode = FALSE
	EndGlobalSection
	GlobalSection(ExtensibilityGlobals) = postSolution
		SolutionGuid = {93C227A5-0F86-44E2-A883-53AE1A9F2140}
	EndGlobalSection
EndGlobal
